
Microsoft Visual Studio Solution File, Format Version 12.00
# Visual Studio Version 17
VisualStudioVersion = 17.6.33712.159
MinimumVisualStudioVersion = 10.0.40219.1
Project("{FAE04EC0-301F-11D3-BF4B-00C04F79EFBC}") = "Test", "Test\Test.csproj", "{E4E22796-F60F-4538-8251-C3827FC5A3DD}"
EndProject
Global
	GlobalSection(SolutionConfigurationPlatforms) = preSolution
		Debug|Any CPU = Debug|Any CPU
		Release|Any CPU = Release|Any CPU
	EndGlobalSection
	GlobalSection(ProjectConfigurationPlatforms) = postSolution
		{E4E22796-F60F-4538-8251-C3827FC5A3DD}.Debug|Any CPU.ActiveCfg = Debug|Any CPU
		{E4E22796-F60F-4538-8251-C3827FC5A3DD}.Debug|Any CPU.Build.0 = Debug|Any CPU
		{E4E22796-F60F-4538-8251-C3827FC5A3DD}.Release|Any CPU.ActiveCfg = Release|Any CPU
		{E4E22796-F60F-4538-8251-C3827FC5A3DD}.Release|Any CPU.Build.0 = Release|Any CPU
	EndGlobalSection
	GlobalSection(SolutionProperties) = preSolution
		HideSolutionNode = FALSE
	EndGlobalSection
	GlobalSection(ExtensibilityGlobals) = postSolution
		SolutionGuid = {D19AB341-DA2C-4CC5-A174-7520C5434A1A}
	EndGlobalSection
EndGlobal
